
Microsoft Visual Studio Solution File, Format Version 12.00
# Visual Studio Version 17
VisualStudioVersion = 17.13.35818.85 d17.13
MinimumVisualStudioVersion = 10.0.40219.1
Project("{FAE04EC0-301F-11D3-BF4B-00C04F79EFBC}") = "CellBank", "CellBank.csproj", "{9376E257-E8C4-4119-89B4-1F1D03FA29BD}"
EndProject
Global
	GlobalSection(SolutionConfigurationPlatforms) = preSolution
		Debug|Any CPU = Debug|Any CPU
		Release|Any CPU = Release|Any CPU
	EndGlobalSection
	GlobalSection(ProjectConfigurationPlatforms) = postSolution
		{9376E257-E8C4-4119-89B4-1F1D03FA29BD}.Debug|Any CPU.ActiveCfg = Debug|Any CPU
		{9376E257-E8C4-4119-89B4-1F1D03FA29BD}.Debug|Any CPU.Build.0 = Debug|Any CPU
		{9376E257-E8C4-4119-89B4-1F1D03FA29BD}.Release|Any CPU.ActiveCfg = Release|Any CPU
		{9376E257-E8C4-4119-89B4-1F1D03FA29BD}.Release|Any CPU.Build.0 = Release|Any CPU
	EndGlobalSection
	GlobalSection(SolutionProperties) = preSolution
		HideSolutionNode = FALSE
	EndGlobalSection
	GlobalSection(ExtensibilityGlobals) = postSolution
		SolutionGuid = {D3D98FA4-2B22-4FED-9DBB-0B226B25DABE}
	EndGlobalSection
EndGlobal
